
Microsoft Visual Studio Solution File, Format Version 12.00
# Visual Studio Version 17
VisualStudioVersion = 17.2.32616.157
MinimumVisualStudioVersion = 10.0.40219.1
Project("{9A19103F-16F7-4668-BE54-9A1E7A4F7556}") = "Xecrets.Net.Abstractions", "..\..\xecrets-net\AxCrypt.Abstractions\Xecrets.Net.Abstractions.csproj", "{B51F9DE0-2410-40E3-A1B4-9033C69F17D1}"
EndProject
Project("{9A19103F-16F7-4668-BE54-9A1E7A4F7556}") = "Xecrets.Net.Content", "..\..\xecrets-net\AxCrypt.Content\Xecrets.Net.Content.csproj", "{9419D324-9879-4B63-A88E-54AF8728E482}"
EndProject
Project("{9A19103F-16F7-4668-BE54-9A1E7A4F7556}") = "Xecrets.Net.BouncyCastle", "..\..\xecrets-net\BouncyCastle.AxCrypt\Xecrets.Net.BouncyCastle.csproj", "{59DC673B-21AB-4E43-85A4-98813CE63B87}"
EndProject
Project("{2150E333-8FDC-42A3-9474-1A3956D46DE8}") = "Solution Items", "Solution Items", "{DF5FD404-AA94-44FD-88EC-F96FE14084BF}"
	ProjectSection(SolutionItems) = preProject
		..\.editorconfig = ..\.editorconfig
		..\.gitignore = ..\.gitignore
		..\global.json = ..\global.json
		..\linux-arm64-zip.ps1 = ..\linux-arm64-zip.ps1
		..\linux-x64-zip.ps1 = ..\linux-x64-zip.ps1
		..\macos-arm64-zip.ps1 = ..\macos-arm64-zip.ps1
		..\macos-x64-zip.ps1 = ..\macos-x64-zip.ps1
		..\README.md = ..\README.md
		..\SECURITY.md = ..\SECURITY.md
		..\win-x64-zip.ps1 = ..\win-x64-zip.ps1
		..\xecrets-cli-wer.reg = ..\xecrets-cli-wer.reg
	EndProjectSection
EndProject
Project("{9A19103F-16F7-4668-BE54-9A1E7A4F7556}") = "Xecrets.Net.Common", "..\..\xecrets-net\AxCrypt.Common\Xecrets.Net.Common.csproj", "{4C18EBBA-EF5F-4CAE-9101-368129372E17}"
EndProject
Project("{9A19103F-16F7-4668-BE54-9A1E7A4F7556}") = "Xecrets.Net.Api", "..\..\xecrets-net\AxCrypt.Api\Xecrets.Net.Api.csproj", "{46D7CB79-EA6E-4E08-A80B-73680FE51F99}"
EndProject
Project("{9A19103F-16F7-4668-BE54-9A1E7A4F7556}") = "Xecrets.Net.Core", "..\..\xecrets-net\AxCrypt.Core\Xecrets.Net.Core.csproj", "{BDA067E1-FD0B-4240-9672-6AFE97E32BB6}"
EndProject
Project("{2150E333-8FDC-42A3-9474-1A3956D46DE8}") = "Test", "Test", "{24208F1B-710B-40E3-ADDF-496E722F41B9}"
EndProject
Project("{9A19103F-16F7-4668-BE54-9A1E7A4F7556}") = "Xecrets.Net.Fake", "..\..\xecrets-net\AxCrypt.Fake\Xecrets.Net.Fake.csproj", "{BAB90579-E738-418C-A684-C034ACC5882A}"
EndProject
Project("{9A19103F-16F7-4668-BE54-9A1E7A4F7556}") = "Xecrets.Net.Common.Test", "..\..\xecrets-net\AxCrypt.Common.Test\Xecrets.Net.Common.Test.csproj", "{FDF0A277-0450-4C81-8D29-7C169A1995D9}"
EndProject
Project("{9A19103F-16F7-4668-BE54-9A1E7A4F7556}") = "Xecrets.Net.Core.Test", "..\..\xecrets-net\AxCrypt.Core.Test\Xecrets.Net.Core.Test.csproj", "{4258D937-3E01-4D86-A02F-84B62145FF50}"
EndProject
Project("{9A19103F-16F7-4668-BE54-9A1E7A4F7556}") = "Xecrets.Net.Implementation", "..\..\xecrets-net\AxCrypt.Mono\Xecrets.Net.Implementation.csproj", "{C65C409C-3919-4B80-A664-4D36D1E9B9C4}"
EndProject
Project("{9A19103F-16F7-4668-BE54-9A1E7A4F7556}") = "Xecrets.Net.Implementation.Test", "..\..\xecrets-net\AxCrypt.Mono.Test\Xecrets.Net.Implementation.Test.csproj", "{24FF1F8F-29EC-4967-B0ED-7276ED9CF0D9}"
EndProject
Project("{9A19103F-16F7-4668-BE54-9A1E7A4F7556}") = "Xecrets.Cli", "Xecrets.Cli\Xecrets.Cli.csproj", "{92E2B7AE-BF0C-4F22-94DE-166E9ED632F3}"
EndProject
Project("{9A19103F-16F7-4668-BE54-9A1E7A4F7556}") = "Xecrets.Cli.Test", "Xecrets.Cli.Test\Xecrets.Cli.Test.csproj", "{7D54547D-F8AC-40D6-87D8-3ED235D7204A}"
EndProject
Project("{2150E333-8FDC-42A3-9474-1A3956D46DE8}") = "docs", "docs", "{C83C1962-C02D-487B-A2FA-0196E7B052FC}"
	ProjectSection(SolutionItems) = preProject
		..\docs\AxCryptVersion1AlgorithmsandFileFormat.pdf = ..\docs\AxCryptVersion1AlgorithmsandFileFormat.pdf
		..\docs\AxCryptVersion2AlgorithmsandFileFormat.pdf = ..\docs\AxCryptVersion2AlgorithmsandFileFormat.pdf
		..\docs\index.md = ..\docs\index.md
	EndProjectSection
EndProject
Project("{2150E333-8FDC-42A3-9474-1A3956D46DE8}") = "sdk-docs", "sdk-docs", "{A957E117-F0E2-45DC-8563-E87451FA55F5}"
	ProjectSection(SolutionItems) = preProject
		..\sdk-docs\index.md = ..\sdk-docs\index.md
		..\sdk-docs\Xecrets.Sdk.Abstractions.md = ..\sdk-docs\Xecrets.Sdk.Abstractions.md
		..\sdk-docs\Xecrets.Sdk.Cli.CliMessage.md = ..\sdk-docs\Xecrets.Sdk.Cli.CliMessage.md
		..\sdk-docs\Xecrets.Sdk.Cli.md = ..\sdk-docs\Xecrets.Sdk.Cli.md
		..\sdk-docs\Xecrets.Sdk.Cli.Models.CliToolInformation.md = ..\sdk-docs\Xecrets.Sdk.Cli.Models.CliToolInformation.md
		..\sdk-docs\Xecrets.Sdk.Cli.Models.md = ..\sdk-docs\Xecrets.Sdk.Cli.Models.md
		..\sdk-docs\Xecrets.Sdk.Implementation.md = ..\sdk-docs\Xecrets.Sdk.Implementation.md
		..\sdk-docs\Xecrets.Sdk.Implementation.StartMe.md = ..\sdk-docs\Xecrets.Sdk.Implementation.StartMe.md
		..\sdk-docs\Xecrets.Sdk.md = ..\sdk-docs\Xecrets.Sdk.md
		..\sdk-docs\Xecrets.Sdk.Models.md = ..\sdk-docs\Xecrets.Sdk.Models.md
		..\sdk-docs\Xecrets.Sdk.Models.XfCredentials.md = ..\sdk-docs\Xecrets.Sdk.Models.XfCredentials.md
		..\sdk-docs\Xecrets.Sdk.Models.XfEncryptedKeyPair.md = ..\sdk-docs\Xecrets.Sdk.Models.XfEncryptedKeyPair.md
		..\sdk-docs\Xecrets.Sdk.Models.XfFilePair.md = ..\sdk-docs\Xecrets.Sdk.Models.XfFilePair.md
		..\sdk-docs\Xecrets.Sdk.Models.XfKeyPair.md = ..\sdk-docs\Xecrets.Sdk.Models.XfKeyPair.md
		..\sdk-docs\Xecrets.Sdk.SourceGenerationContext.md = ..\sdk-docs\Xecrets.Sdk.SourceGenerationContext.md
		..\sdk-docs\Xecrets.Sdk.XfApiFactory.md = ..\sdk-docs\Xecrets.Sdk.XfApiFactory.md
		..\sdk-docs\Xecrets.Sdk.XfException.md = ..\sdk-docs\Xecrets.Sdk.XfException.md
		..\sdk-docs\Xecrets.Sdk.XfExtensions.md = ..\sdk-docs\Xecrets.Sdk.XfExtensions.md
		..\sdk-docs\Xecrets.Sdk.XfSdkVersion.md = ..\sdk-docs\Xecrets.Sdk.XfSdkVersion.md
	EndProjectSection
EndProject
Project("{9A19103F-16F7-4668-BE54-9A1E7A4F7556}") = "Xecrets.Net.Cryptography", "..\..\xecrets-net\Xecrets.Net.Cryptography\Xecrets.Net.Cryptography.csproj", "{901E573A-69A9-4EA5-99C3-100F0F5D93DD}"
EndProject
Project("{9A19103F-16F7-4668-BE54-9A1E7A4F7556}") = "Xecrets.Slip39", "..\..\xecrets-slip39\src\Xecrets.Slip39\Xecrets.Slip39.csproj", "{5B4C01A3-F3C1-4BCF-9AC1-FD1336CB960C}"
EndProject
Project("{9A19103F-16F7-4668-BE54-9A1E7A4F7556}") = "Xecrets.Slip39.Test", "..\..\xecrets-slip39\src\Xecrets.Slip39.Test\Xecrets.Slip39.Test.csproj", "{097BBAAD-87BE-4736-A4A7-3E252A1EC615}"
EndProject
Global
	GlobalSection(SolutionConfigurationPlatforms) = preSolution
		Debug|Any CPU = Debug|Any CPU
		Release|Any CPU = Release|Any CPU
	EndGlobalSection
	GlobalSection(ProjectConfigurationPlatforms) = postSolution
		{B51F9DE0-2410-40E3-A1B4-9033C69F17D1}.Debug|Any CPU.ActiveCfg = Debug|Any CPU
		{B51F9DE0-2410-40E3-A1B4-9033C69F17D1}.Debug|Any CPU.Build.0 = Debug|Any CPU
		{B51F9DE0-2410-40E3-A1B4-9033C69F17D1}.Release|Any CPU.ActiveCfg = Release|Any CPU
		{B51F9DE0-2410-40E3-A1B4-9033C69F17D1}.Release|Any CPU.Build.0 = Release|Any CPU
		{9419D324-9879-4B63-A88E-54AF8728E482}.Debug|Any CPU.ActiveCfg = Debug|Any CPU
		{9419D324-9879-4B63-A88E-54AF8728E482}.Debug|Any CPU.Build.0 = Debug|Any CPU
		{9419D324-9879-4B63-A88E-54AF8728E482}.Release|Any CPU.ActiveCfg = Release|Any CPU
		{9419D324-9879-4B63-A88E-54AF8728E482}.Release|Any CPU.Build.0 = Release|Any CPU
		{59DC673B-21AB-4E43-85A4-98813CE63B87}.Debug|Any CPU.ActiveCfg = Debug|Any CPU
		{59DC673B-21AB-4E43-85A4-98813CE63B87}.Debug|Any CPU.Build.0 = Debug|Any CPU
		{59DC673B-21AB-4E43-85A4-98813CE63B87}.Release|Any CPU.ActiveCfg = Release|Any CPU
		{59DC673B-21AB-4E43-85A4-98813CE63B87}.Release|Any CPU.Build.0 = Release|Any CPU
		{4C18EBBA-EF5F-4CAE-9101-368129372E17}.Debug|Any CPU.ActiveCfg = Debug|Any CPU
		{4C18EBBA-EF5F-4CAE-9101-368129372E17}.Debug|Any CPU.Build.0 = Debug|Any CPU
		{4C18EBBA-EF5F-4CAE-9101-368129372E17}.Release|Any CPU.ActiveCfg = Release|Any CPU
		{4C18EBBA-EF5F-4CAE-9101-368129372E17}.Release|Any CPU.Build.0 = Release|Any CPU
		{46D7CB79-EA6E-4E08-A80B-73680FE51F99}.Debug|Any CPU.ActiveCfg = Debug|Any CPU
		{46D7CB79-EA6E-4E08-A80B-73680FE51F99}.Debug|Any CPU.Build.0 = Debug|Any CPU
		{46D7CB79-EA6E-4E08-A80B-73680FE51F99}.Release|Any CPU.ActiveCfg = Release|Any CPU
		{46D7CB79-EA6E-4E08-A80B-73680FE51F99}.Release|Any CPU.Build.0 = Release|Any CPU
		{BDA067E1-FD0B-4240-9672-6AFE97E32BB6}.Debug|Any CPU.ActiveCfg = Debug|Any CPU
		{BDA067E1-FD0B-4240-9672-6AFE97E32BB6}.Debug|Any CPU.Build.0 = Debug|Any CPU
		{BDA067E1-FD0B-4240-9672-6AFE97E32BB6}.Release|Any CPU.ActiveCfg = Release|Any CPU
		{BDA067E1-FD0B-4240-9672-6AFE97E32BB6}.Release|Any CPU.Build.0 = Release|Any CPU
		{BAB90579-E738-418C-A684-C034ACC5882A}.Debug|Any CPU.ActiveCfg = Debug|Any CPU
		{BAB90579-E738-418C-A684-C034ACC5882A}.Debug|Any CPU.Build.0 = Debug|Any CPU
		{BAB90579-E738-418C-A684-C034ACC5882A}.Release|Any CPU.ActiveCfg = Release|Any CPU
		{BAB90579-E738-418C-A684-C034ACC5882A}.Release|Any CPU.Build.0 = Release|Any CPU
		{FDF0A277-0450-4C81-8D29-7C169A1995D9}.Debug|Any CPU.ActiveCfg = Debug|Any CPU
		{FDF0A277-0450-4C81-8D29-7C169A1995D9}.Debug|Any CPU.Build.0 = Debug|Any CPU
		{FDF0A277-0450-4C81-8D29-7C169A1995D9}.Release|Any CPU.ActiveCfg = Release|Any CPU
		{FDF0A277-0450-4C81-8D29-7C169A1995D9}.Release|Any CPU.Build.0 = Release|Any CPU
		{4258D937-3E01-4D86-A02F-84B62145FF50}.Debug|Any CPU.ActiveCfg = Debug|Any CPU
		{4258D937-3E01-4D86-A02F-84B62145FF50}.Debug|Any CPU.Build.0 = Debug|Any CPU
		{4258D937-3E01-4D86-A02F-84B62145FF50}.Release|Any CPU.ActiveCfg = Release|Any CPU
		{4258D937-3E01-4D86-A02F-84B62145FF50}.Release|Any CPU.Build.0 = Release|Any CPU
		{C65C409C-3919-4B80-A664-4D36D1E9B9C4}.Debug|Any CPU.ActiveCfg = Debug|Any CPU
		{C65C409C-3919-4B80-A664-4D36D1E9B9C4}.Debug|Any CPU.Build.0 = Debug|Any CPU
		{C65C409C-3919-4B80-A664-4D36D1E9B9C4}.Release|Any CPU.ActiveCfg = Release|Any CPU
		{C65C409C-3919-4B80-A664-4D36D1E9B9C4}.Release|Any CPU.Build.0 = Release|Any CPU
		{24FF1F8F-29EC-4967-B0ED-7276ED9CF0D9}.Debug|Any CPU.ActiveCfg = Debug|Any CPU
		{24FF1F8F-29EC-4967-B0ED-7276ED9CF0D9}.Debug|Any CPU.Build.0 = Debug|Any CPU
		{24FF1F8F-29EC-4967-B0ED-7276ED9CF0D9}.Release|Any CPU.ActiveCfg = Release|Any CPU
		{24FF1F8F-29EC-4967-B0ED-7276ED9CF0D9}.Release|Any CPU.Build.0 = Release|Any CPU
		{92E2B7AE-BF0C-4F22-94DE-166E9ED632F3}.Debug|Any CPU.ActiveCfg = Debug|Any CPU
		{92E2B7AE-BF0C-4F22-94DE-166E9ED632F3}.Debug|Any CPU.Build.0 = Debug|Any CPU
		{92E2B7AE-BF0C-4F22-94DE-166E9ED632F3}.Release|Any CPU.ActiveCfg = Release|Any CPU
		{92E2B7AE-BF0C-4F22-94DE-166E9ED632F3}.Release|Any CPU.Build.0 = Release|Any CPU
		{7D54547D-F8AC-40D6-87D8-3ED235D7204A}.Debug|Any CPU.ActiveCfg = Debug|Any CPU
		{7D54547D-F8AC-40D6-87D8-3ED235D7204A}.Debug|Any CPU.Build.0 = Debug|Any CPU
		{7D54547D-F8AC-40D6-87D8-3ED235D7204A}.Release|Any CPU.ActiveCfg = Release|Any CPU
		{7D54547D-F8AC-40D6-87D8-3ED235D7204A}.Release|Any CPU.Build.0 = Release|Any CPU
		{901E573A-69A9-4EA5-99C3-100F0F5D93DD}.Debug|Any CPU.ActiveCfg = Debug|Any CPU
		{901E573A-69A9-4EA5-99C3-100F0F5D93DD}.Debug|Any CPU.Build.0 = Debug|Any CPU
		{901E573A-69A9-4EA5-99C3-100F0F5D93DD}.Release|Any CPU.ActiveCfg = Release|Any CPU
		{901E573A-69A9-4EA5-99C3-100F0F5D93DD}.Release|Any CPU.Build.0 = Release|Any CPU
		{5B4C01A3-F3C1-4BCF-9AC1-FD1336CB960C}.Debug|Any CPU.ActiveCfg = Debug|Any CPU
		{5B4C01A3-F3C1-4BCF-9AC1-FD1336CB960C}.Debug|Any CPU.Build.0 = Debug|Any CPU
		{5B4C01A3-F3C1-4BCF-9AC1-FD1336CB960C}.Release|Any CPU.ActiveCfg = Release|Any CPU
		{5B4C01A3-F3C1-4BCF-9AC1-FD1336CB960C}.Release|Any CPU.Build.0 = Release|Any CPU
		{097BBAAD-87BE-4736-A4A7-3E252A1EC615}.Debug|Any CPU.ActiveCfg = Debug|Any CPU
		{097BBAAD-87BE-4736-A4A7-3E252A1EC615}.Debug|Any CPU.Build.0 = Debug|Any CPU
		{097BBAAD-87BE-4736-A4A7-3E252A1EC615}.Release|Any CPU.ActiveCfg = Release|Any CPU
		{097BBAAD-87BE-4736-A4A7-3E252A1EC615}.Release|Any CPU.Build.0 = Release|Any CPU
	EndGlobalSection
	GlobalSection(SolutionProperties) = preSolution
		HideSolutionNode = FALSE
	EndGlobalSection
	GlobalSection(NestedProjects) = preSolution
		{BAB90579-E738-418C-A684-C034ACC5882A} = {24208F1B-710B-40E3-ADDF-496E722F41B9}
		{FDF0A277-0450-4C81-8D29-7C169A1995D9} = {24208F1B-710B-40E3-ADDF-496E722F41B9}
		{4258D937-3E01-4D86-A02F-84B62145FF50} = {24208F1B-710B-40E3-ADDF-496E722F41B9}
		{24FF1F8F-29EC-4967-B0ED-7276ED9CF0D9} = {24208F1B-710B-40E3-ADDF-496E722F41B9}
		{7D54547D-F8AC-40D6-87D8-3ED235D7204A} = {24208F1B-710B-40E3-ADDF-496E722F41B9}
		{C83C1962-C02D-487B-A2FA-0196E7B052FC} = {DF5FD404-AA94-44FD-88EC-F96FE14084BF}
		{A957E117-F0E2-45DC-8563-E87451FA55F5} = {DF5FD404-AA94-44FD-88EC-F96FE14084BF}
		{097BBAAD-87BE-4736-A4A7-3E252A1EC615} = {24208F1B-710B-40E3-ADDF-496E722F41B9}
	EndGlobalSection
	GlobalSection(ExtensibilityGlobals) = postSolution
		SolutionGuid = {C14A257F-E01C-475D-92BF-798039A6F4D0}
	EndGlobalSection
EndGlobal
